// !$*UTF8*$!
{
	archiveVersion = 1;
	classes = {
	};
	objectVersion = 50;
	objects = {

/* Begin PBXBuildFile section */
		D820FD7E22C6B3AB009DB9CE /* Brick.swift in Sources */ = {isa = PBXBuildFile; fileRef = D820FD7D22C6B3AB009DB9CE /* Brick.swift */; };
		D820FD8122C7FFDF009DB9CE /* Board.swift in Sources */ = {isa = PBXBuildFile; fileRef = D820FD8022C7FFDF009DB9CE /* Board.swift */; };
		D8C404BB22C170E3009FCBCC /* AppDelegate.swift in Sources */ = {isa = PBXBuildFile; fileRef = D8C404BA22C170E3009FCBCC /* AppDelegate.swift */; };
		D8C404BD22C170E3009FCBCC /* ViewController.swift in Sources */ = {isa = PBXBuildFile; fileRef = D8C404BC22C170E3009FCBCC /* ViewController.swift */; };
		D8C404C022C170E3009FCBCC /* Main.storyboard in Resources */ = {isa = PBXBuildFile; fileRef = D8C404BE22C170E3009FCBCC /* Main.storyboard */; };
		D8C404C222C170E4009FCBCC /* Assets.xcassets in Resources */ = {isa = PBXBuildFile; fileRef = D8C404C122C170E4009FCBCC /* Assets.xcassets */; };
		D8C404C522C170E4009FCBCC /* LaunchScreen.storyboard in Resources */ = {isa = PBXBuildFile; fileRef = D8C404C322C170E4009FCBCC /* LaunchScreen.storyboard */; };
		D8C404D022C170E4009FCBCC /* tetrisTests.swift in Sources */ = {isa = PBXBuildFile; fileRef = D8C404CF22C170E4009FCBCC /* tetrisTests.swift */; };
		D8C404E122C3F9A2009FCBCC /* tetrisbackground.jpeg in Resources */ = {isa = PBXBuildFile; fileRef = D8C404E022C3F9A2009FCBCC /* tetrisbackground.jpeg */; };
/* End PBXBuildFile section */

/* Begin PBXContainerItemProxy section */
		D8C404CC22C170E4009FCBCC /* PBXContainerItemProxy */ = {
			isa = PBXContainerItemProxy;
			containerPortal = D8C404AF22C170E3009FCBCC /* Project object */;
			proxyType = 1;
			remoteGlobalIDString = D8C404B622C170E3009FCBCC;
			remoteInfo = tetris;
		};
/* End PBXContainerItemProxy section */

/* Begin PBXFileReference section */
		D820FD7D22C6B3AB009DB9CE /* Brick.swift */ = {isa = PBXFileReference; lastKnownFileType = sourcecode.swift; path = Brick.swift; sourceTree = "<group>"; };
		D820FD8022C7FFDF009DB9CE /* Board.swift */ = {isa = PBXFileReference; lastKnownFileType = sourcecode.swift; path = Board.swift; sourceTree = "<group>"; };
		D8C404B722C170E3009FCBCC /* tetris.app */ = {isa = PBXFileReference; explicitFileType = wrapper.application; includeInIndex = 0; path = tetris.app; sourceTree = BUILT_PRODUCTS_DIR; };
		D8C404BA22C170E3009FCBCC /* AppDelegate.swift */ = {isa = PBXFileReference; lastKnownFileType = sourcecode.swift; path = AppDelegate.swift; sourceTree = "<group>"; };
		D8C404BC22C170E3009FCBCC /* ViewController.swift */ = {isa = PBXFileReference; lastKnownFileType = sourcecode.swift; path = ViewController.swift; sourceTree = "<group>"; };
		D8C404BF22C170E3009FCBCC /* Base */ = {isa = PBXFileReference; lastKnownFileType = file.storyboard; name = Base; path = Base.lproj/Main.storyboard; sourceTree = "<group>"; };
		D8C404C122C170E4009FCBCC /* Assets.xcassets */ = {isa = PBXFileReference; lastKnownFileType = folder.assetcatalog; path = Assets.xcassets; sourceTree = "<group>"; };
		D8C404C422C170E4009FCBCC /* Base */ = {isa = PBXFileReference; lastKnownFileType = file.storyboard; name = Base; path = Base.lproj/LaunchScreen.storyboard; sourceTree = "<group>"; };
		D8C404C622C170E4009FCBCC /* Info.plist */ = {isa = PBXFileReference; lastKnownFileType = text.plist.xml; path = Info.plist; sourceTree = "<group>"; };
		D8C404CB22C170E4009FCBCC /* tetrisTests.xctest */ = {isa = PBXFileReference; explicitFileType = wrapper.cfbundle; includeInIndex = 0; path = tetrisTests.xctest; sourceTree = BUILT_PRODUCTS_DIR; };
		D8C404CF22C170E4009FCBCC /* tetrisTests.swift */ = {isa = PBXFileReference; lastKnownFileType = sourcecode.swift; path = tetrisTests.swift; sourceTree = "<group>"; };
		D8C404D122C170E4009FCBCC /* Info.plist */ = {isa = PBXFileReference; lastKnownFileType = text.plist.xml; path = Info.plist; sourceTree = "<group>"; };
		D8C404E022C3F9A2009FCBCC /* tetrisbackground.jpeg */ = {isa = PBXFileReference; lastKnownFileType = image.jpeg; path = tetrisbackground.jpeg; sourceTree = "<group>"; };
/* End PBXFileReference section */

/* Begin PBXFrameworksBuildPhase section */
		D8C404B422C170E3009FCBCC /* Frameworks */ = {
			isa = PBXFrameworksBuildPhase;
			buildActionMask = 2147483647;
			files = (
			);
			runOnlyForDeploymentPostprocessing = 0;
		};
		D8C404C822C170E4009FCBCC /* Frameworks */ = {
			isa = PBXFrameworksBuildPhase;
			buildActionMask = 2147483647;
			files = (
			);
			runOnlyForDeploymentPostprocessing = 0;
		};
/* End PBXFrameworksBuildPhase section */

/* Begin PBXGroup section */
		D820FD7C22C6B382009DB9CE /* Model */ = {
			isa = PBXGroup;
			children = (
				D820FD7D22C6B3AB009DB9CE /* Brick.swift */,
			);
			path = Model;
			sourceTree = "<group>";
		};
		D820FD7F22C7FFBF009DB9CE /* View */ = {
			isa = PBXGroup;
			children = (
				D820FD8022C7FFDF009DB9CE /* Board.swift */,
			);
			path = View;
			sourceTree = "<group>";
		};
		D8C404AE22C170E3009FCBCC = {
			isa = PBXGroup;
			children = (
				D8C404B922C170E3009FCBCC /* tetris */,
				D8C404CE22C170E4009FCBCC /* tetrisTests */,
				D8C404B822C170E3009FCBCC /* Products */,
			);
			sourceTree = "<group>";
		};
		D8C404B822C170E3009FCBCC /* Products */ = {
			isa = PBXGroup;
			children = (
				D8C404B722C170E3009FCBCC /* tetris.app */,
				D8C404CB22C170E4009FCBCC /* tetrisTests.xctest */,
			);
			name = Products;
			sourceTree = "<group>";
		};
		D8C404B922C170E3009FCBCC /* tetris */ = {
			isa = PBXGroup;
			children = (
				D820FD7F22C7FFBF009DB9CE /* View */,
				D820FD7C22C6B382009DB9CE /* Model */,
				D8C404DA22C3785D009FCBCC /* Images */,
				D8C404BA22C170E3009FCBCC /* AppDelegate.swift */,
				D8C404BC22C170E3009FCBCC /* ViewController.swift */,
				D8C404BE22C170E3009FCBCC /* Main.storyboard */,
				D8C404C122C170E4009FCBCC /* Assets.xcassets */,
				D8C404C322C170E4009FCBCC /* LaunchScreen.storyboard */,
				D8C404C622C170E4009FCBCC /* Info.plist */,
			);
			path = tetris;
			sourceTree = "<group>";
		};
		D8C404CE22C170E4009FCBCC /* tetrisTests */ = {
			isa = PBXGroup;
			children = (
				D8C404CF22C170E4009FCBCC /* tetrisTests.swift */,
				D8C404D122C170E4009FCBCC /* Info.plist */,
			);
			path = tetrisTests;
			sourceTree = "<group>";
		};
		D8C404DA22C3785D009FCBCC /* Images */ = {
			isa = PBXGroup;
			children = (
				D8C404E022C3F9A2009FCBCC /* tetrisbackground.jpeg */,
			);
			path = Images;
			sourceTree = "<group>";
		};
/* End PBXGroup section */

/* Begin PBXNativeTarget section */
		D8C404B622C170E3009FCBCC /* tetris */ = {
			isa = PBXNativeTarget;
			buildConfigurationList = D8C404D422C170E4009FCBCC /* Build configuration list for PBXNativeTarget "tetris" */;
			buildPhases = (
				D8C404B322C170E3009FCBCC /* Sources */,
				D8C404B422C170E3009FCBCC /* Frameworks */,
				D8C404B522C170E3009FCBCC /* Resources */,
			);
			buildRules = (
			);
			dependencies = (
			);
			name = tetris;
			productName = tetris;
			productReference = D8C404B722C170E3009FCBCC /* tetris.app */;
			productType = "com.apple.product-type.application";
		};
		D8C404CA22C170E4009FCBCC /* tetrisTests */ = {
			isa = PBXNativeTarget;
			buildConfigurationList = D8C404D722C170E4009FCBCC /* Build configuration list for PBXNativeTarget "tetrisTests" */;
			buildPhases = (
				D8C404C722C170E4009FCBCC /* Sources */,
				D8C404C822C170E4009FCBCC /* Frameworks */,
				D8C404C922C170E4009FCBCC /* Resources */,
			);
			buildRules = (
			);
			dependencies = (
				D8C404CD22C170E4009FCBCC /* PBXTargetDependency */,
			);
			name = tetrisTests;
			productName = tetrisTests;
			productReference = D8C404CB22C170E4009FCBCC /* tetrisTests.xctest */;
			productType = "com.apple.product-type.bundle.unit-test";
		};
/* End PBXNativeTarget section */

/* Begin PBXProject section */
		D8C404AF22C170E3009FCBCC /* Project object */ = {
			isa = PBXProject;
			attributes = {
				LastSwiftUpdateCheck = 1010;
				LastUpgradeCheck = 1010;
				ORGANIZATIONNAME = Fidan;
				TargetAttributes = {
					D8C404B622C170E3009FCBCC = {
						CreatedOnToolsVersion = 10.1;
					};
					D8C404CA22C170E4009FCBCC = {
						CreatedOnToolsVersion = 10.1;
						TestTargetID = D8C404B622C170E3009FCBCC;
					};
				};
			};
			buildConfigurationList = D8C404B222C170E3009FCBCC /* Build configuration list for PBXProject "tetris" */;
			compatibilityVersion = "Xcode 9.3";
			developmentRegion = en;
			hasScannedForEncodings = 0;
			knownRegions = (
				en,
				Base,
			);
			mainGroup = D8C404AE22C170E3009FCBCC;
			productRefGroup = D8C404B822C170E3009FCBCC /* Products */;
			projectDirPath = "";
			projectRoot = "";
			targets = (
				D8C404B622C170E3009FCBCC /* tetris */,
				D8C404CA22C170E4009FCBCC /* tetrisTests */,
			);
		};
/* End PBXProject section */

/* Begin PBXResourcesBuildPhase section */
		D8C404B522C170E3009FCBCC /* Resources */ = {
			isa = PBXResourcesBuildPhase;
			buildActionMask = 2147483647;
			files = (
				D8C404E122C3F9A2009FCBCC /* tetrisbackground.jpeg in Resources */,
				D8C404C522C170E4009FCBCC /* LaunchScreen.storyboard in Resources */,
				D8C404C222C170E4009FCBCC /* Assets.xcassets in Resources */,
				D8C404C022C170E3009FCBCC /* Main.storyboard in Resources */,
			);
			runOnlyForDeploymentPostprocessing = 0;
		};
		D8C404C922C170E4009FCBCC /* Resources */ = {
			isa = PBXResourcesBuildPhase;
			buildActionMask = 2147483647;
			files = (
			);
			runOnlyForDeploymentPostprocessing = 0;
		};
/* End PBXResourcesBuildPhase section */

/* Begin PBXSourcesBuildPhase section */
		D8C404B322C170E3009FCBCC /* Sources */ = {
			isa = PBXSourcesBuildPhase;
			buildActionMask = 2147483647;
			files = (
				D8C404BD22C170E3009FCBCC /* ViewController.swift in Sources */,
				D8C404BB22C170E3009FCBCC /* AppDelegate.swift in Sources */,
				D820FD8122C7FFDF009DB9CE /* Board.swift in Sources */,
				D820FD7E22C6B3AB009DB9CE /* Brick.swift in Sources */,
			);
			runOnlyForDeploymentPostprocessing = 0;
		};
		D8C404C722C170E4009FCBCC /* Sources */ = {
			isa = PBXSourcesBuildPhase;
			buildActionMask = 2147483647;
			files = (
				D8C404D022C170E4009FCBCC /* tetrisTests.swift in Sources */,
			);
			runOnlyForDeploymentPostprocessing = 0;
		};
/* End PBXSourcesBuildPhase section */

/* Begin PBXTargetDependency section */
		D8C404CD22C170E4009FCBCC /* PBXTargetDependency */ = {
			isa = PBXTargetDependency;
			target = D8C404B622C170E3009FCBCC /* tetris */;
			targetProxy = D8C404CC22C170E4009FCBCC /* PBXContainerItemProxy */;
		};
/* End PBXTargetDependency section */

/* Begin PBXVariantGroup section */
		D8C404BE22C170E3009FCBCC /* Main.storyboard */ = {
			isa = PBXVariantGroup;
			children = (
				D8C404BF22C170E3009FCBCC /* Base */,
			);
			name = Main.storyboard;
			sourceTree = "<group>";
		};
		D8C404C322C170E4009FCBCC /* LaunchScreen.storyboard */ = {
			isa = PBXVariantGroup;
			children = (
				D8C404C422C170E4009FCBCC /* Base */,
			);
			name = LaunchScreen.storyboard;
			sourceTree = "<group>";
		};
/* End PBXVariantGroup section */

/* Begin XCBuildConfiguration section */
		D8C404D222C170E4009FCBCC /* Debug */ = {
			isa = XCBuildConfiguration;
			buildSettings = {
				ALWAYS_SEARCH_USER_PATHS = NO;
				CLANG_ANALYZER_NONNULL = YES;
				CLANG_ANALYZER_NUMBER_OBJECT_CONVERSION = YES_AGGRESSIVE;
				CLANG_CXX_LANGUAGE_STANDARD = "gnu++14";
				CLANG_CXX_LIBRARY = "libc++";
				CLANG_ENABLE_MODULES = YES;
				CLANG_ENABLE_OBJC_ARC = YES;
				CLANG_ENABLE_OBJC_WEAK = YES;
				CLANG_WARN_BLOCK_CAPTURE_AUTORELEASING = YES;
				CLANG_WARN_BOOL_CONVERSION = YES;
				CLANG_WARN_COMMA = YES;
				CLANG_WARN_CONSTANT_CONVERSION = YES;
				CLANG_WARN_DEPRECATED_OBJC_IMPLEMENTATIONS = YES;
				CLANG_WARN_DIRECT_OBJC_ISA_USAGE = YES_ERROR;
				CLANG_WARN_DOCUMENTATION_COMMENTS = YES;
				CLANG_WARN_EMPTY_BODY = YES;
				CLANG_WARN_ENUM_CONVERSION = YES;
				CLANG_WARN_INFINITE_RECURSION = YES;
				CLANG_WARN_INT_CONVERSION = YES;
				CLANG_WARN_NON_LITERAL_NULL_CONVERSION = YES;
				CLANG_WARN_OBJC_IMPLICIT_RETAIN_SELF = YES;
				CLANG_WARN_OBJC_LITERAL_CONVERSION = YES;
				CLANG_WARN_OBJC_ROOT_CLASS = YES_ERROR;
				CLANG_WARN_RANGE_LOOP_ANALYSIS = YES;
				CLANG_WARN_STRICT_PROTOTYPES = YES;
				CLANG_WARN_SUSPICIOUS_MOVE = YES;
				CLANG_WARN_UNGUARDED_AVAILABILITY = YES_AGGRESSIVE;
				CLANG_WARN_UNREACHABLE_CODE = YES;
				CLANG_WARN__DUPLICATE_METHOD_MATCH = YES;
				CODE_SIGN_IDENTITY = "iPhone Developer";
				COPY_PHASE_STRIP = NO;
				DEBUG_INFORMATION_FORMAT = dwarf;
				ENABLE_STRICT_OBJC_MSGSEND = YES;
				ENABLE_TESTABILITY = YES;
				GCC_C_LANGUAGE_STANDARD = gnu11;
				GCC_DYNAMIC_NO_PIC = NO;
				GCC_NO_COMMON_BLOCKS = YES;
				GCC_OPTIMIZATION_LEVEL = 0;
				GCC_PREPROCESSOR_DEFINITIONS = (
					"DEBUG=1",
					"$(inherited)",
				);
				GCC_WARN_64_TO_32_BIT_CONVERSION = YES;
				GCC_WARN_ABOUT_RETURN_TYPE = YES_ERROR;
				GCC_WARN_UNDECLARED_SELECTOR = YES;
				GCC_WARN_UNINITIALIZED_AUTOS = YES_AGGRESSIVE;
				GCC_WARN_UNUSED_FUNCTION = YES;
				GCC_WARN_UNUSED_VARIABLE = YES;
				IPHONEOS_DEPLOYMENT_TARGET = 12.1;
				MTL_ENABLE_DEBUG_INFO = INCLUDE_SOURCE;
				MTL_FAST_MATH = YES;
				ONLY_ACTIVE_ARCH = YES;
				SDKROOT = iphoneos;
				SWIFT_ACTIVE_COMPILATION_CONDITIONS = DEBUG;
				SWIFT_OPTIMIZATION_LEVEL = "-Onone";
			};
			name = Debug;
		};
		D8C404D322C170E4009FCBCC /* Release */ = {
			isa = XCBuildConfiguration;
			buildSettings = {
				ALWAYS_SEARCH_USER_PATHS = NO;
				CLANG_ANALYZER_NONNULL = YES;
				CLANG_ANALYZER_NUMBER_OBJECT_CONVERSION = YES_AGGRESSIVE;
				CLANG_CXX_LANGUAGE_STANDARD = "gnu++14";
				CLANG_CXX_LIBRARY = "libc++";
				CLANG_ENABLE_MODULES = YES;
				CLANG_ENABLE_OBJC_ARC = YES;
				CLANG_ENABLE_OBJC_WEAK = YES;
				CLANG_WARN_BLOCK_CAPTURE_AUTORELEASING = YES;
				CLANG_WARN_BOOL_CONVERSION = YES;
				CLANG_WARN_COMMA = YES;
				CLANG_WARN_CONSTANT_CONVERSION = YES;
				CLANG_WARN_DEPRECATED_OBJC_IMPLEMENTATIONS = YES;
				CLANG_WARN_DIRECT_OBJC_ISA_USAGE = YES_ERROR;
				CLANG_WARN_DOCUMENTATION_COMMENTS = YES;
				CLANG_WARN_EMPTY_BODY = YES;
				CLANG_WARN_ENUM_CONVERSION = YES;
				CLANG_WARN_INFINITE_RECURSION = YES;
				CLANG_WARN_INT_CONVERSION = YES;
				CLANG_WARN_NON_LITERAL_NULL_CONVERSION = YES;
				CLANG_WARN_OBJC_IMPLICIT_RETAIN_SELF = YES;
				CLANG_WARN_OBJC_LITERAL_CONVERSION = YES;
				CLANG_WARN_OBJC_ROOT_CLASS = YES_ERROR;
				CLANG_WARN_RANGE_LOOP_ANALYSIS = YES;
				CLANG_WARN_STRICT_PROTOTYPES = YES;
				CLANG_WARN_SUSPICIOUS_MOVE = YES;
				CLANG_WARN_UNGUARDED_AVAILABILITY = YES_AGGRESSIVE;
				CLANG_WARN_UNREACHABLE_CODE = YES;
				CLANG_WARN__DUPLICATE_METHOD_MATCH = YES;
				CODE_SIGN_IDENTITY = "iPhone Developer";
				COPY_PHASE_STRIP = NO;
				DEBUG_INFORMATION_FORMAT = "dwarf-with-dsym";
				ENABLE_NS_ASSERTIONS = NO;
				ENABLE_STRICT_OBJC_MSGSEND = YES;
				GCC_C_LANGUAGE_STANDARD = gnu11;
				GCC_NO_COMMON_BLOCKS = YES;
				GCC_WARN_64_TO_32_BIT_CONVERSION = YES;
				GCC_WARN_ABOUT_RETURN_TYPE = YES_ERROR;
				GCC_WARN_UNDECLARED_SELECTOR = YES;
				GCC_WARN_UNINITIALIZED_AUTOS = YES_AGGRESSIVE;
				GCC_WARN_UNUSED_FUNCTION = YES;
				GCC_WARN_UNUSED_VARIABLE = YES;
				IPHONEOS_DEPLOYMENT_TARGET = 12.1;
				MTL_ENABLE_DEBUG_INFO = NO;
				MTL_FAST_MATH = YES;
				SDKROOT = iphoneos;
				SWIFT_COMPILATION_MODE = wholemodule;
				SWIFT_OPTIMIZATION_LEVEL = "-O";
				VALIDATE_PRODUCT = YES;
			};
			name = Release;
		};
		D8C404D522C170E4009FCBCC /* Debug */ = {
			isa = XCBuildConfiguration;
			buildSettings = {
				ASSETCATALOG_COMPILER_APPICON_NAME = AppIcon;
				CODE_SIGN_STYLE = Automatic;
				INFOPLIST_FILE = tetris/Info.plist;
				LD_RUNPATH_SEARCH_PATHS = (
					"$(inherited)",
					"@executable_path/Frameworks",
				);
				PRODUCT_BUNDLE_IDENTIFIER = net.fidansamet.tetris;
				PRODUCT_NAME = "$(TARGET_NAME)";
				SWIFT_VERSION = 4.2;
				TARGETED_DEVICE_FAMILY = "1,2";
			};
			name = Debug;
		};
		D8C404D622C170E4009FCBCC /* Release */ = {
			isa = XCBuildConfiguration;
			buildSettings = {
				ASSETCATALOG_COMPILER_APPICON_NAME = AppIcon;
				CODE_SIGN_STYLE = Automatic;
				INFOPLIST_FILE = tetris/Info.plist;
				LD_RUNPATH_SEARCH_PATHS = (
					"$(inherited)",
					"@executable_path/Frameworks",
				);
				PRODUCT_BUNDLE_IDENTIFIER = net.fidansamet.tetris;
				PRODUCT_NAME = "$(TARGET_NAME)";
				SWIFT_VERSION = 4.2;
				TARGETED_DEVICE_FAMILY = "1,2";
			};
			name = Release;
		};
		D8C404D822C170E4009FCBCC /* Debug */ = {
			isa = XCBuildConfiguration;
			buildSettings = {
				ALWAYS_EMBED_SWIFT_STANDARD_LIBRARIES = YES;
				BUNDLE_LOADER = "$(TEST_HOST)";
				CODE_SIGN_STYLE = Automatic;
				INFOPLIST_FILE = tetrisTests/Info.plist;
				LD_RUNPATH_SEARCH_PATHS = (
					"$(inherited)",
					"@executable_path/Frameworks",
					"@loader_path/Frameworks",
				);
				PRODUCT_BUNDLE_IDENTIFIER = net.fidansamet.tetrisTests;
				PRODUCT_NAME = "$(TARGET_NAME)";
				SWIFT_VERSION = 4.2;
				TARGETED_DEVICE_FAMILY = "1,2";
				TEST_HOST = "$(BUILT_PRODUCTS_DIR)/tetris.app/tetris";
			};
			name = Debug;
		};
		D8C404D922C170E4009FCBCC /* Release */ = {
			isa = XCBuildConfiguration;
			buildSettings = {
				ALWAYS_EMBED_SWIFT_STANDARD_LIBRARIES = YES;
				BUNDLE_LOADER = "$(TEST_HOST)";
				CODE_SIGN_STYLE = Automatic;
				INFOPLIST_FILE = tetrisTests/Info.plist;
				LD_RUNPATH_SEARCH_PATHS = (
					"$(inherited)",
					"@executable_path/Frameworks",
					"@loader_path/Frameworks",
				);
				PRODUCT_BUNDLE_IDENTIFIER = net.fidansamet.tetrisTests;
				PRODUCT_NAME = "$(TARGET_NAME)";
				SWIFT_VERSION = 4.2;
				TARGETED_DEVICE_FAMILY = "1,2";
				TEST_HOST = "$(BUILT_PRODUCTS_DIR)/tetris.app/tetris";
			};
			name = Release;
		};
/* End XCBuildConfiguration section */

/* Begin XCConfigurationList section */
		D8C404B222C170E3009FCBCC /* Build configuration list for PBXProject "tetris" */ = {
			isa = XCConfigurationList;
			buildConfigurations = (
				D8C404D222C170E4009FCBCC /* Debug */,
				D8C404D322C170E4009FCBCC /* Release */,
			);
			defaultConfigurationIsVisible = 0;
			defaultConfigurationName = Release;
		};
		D8C404D422C170E4009FCBCC /* Build configuration list for PBXNativeTarget "tetris" */ = {
			isa = XCConfigurationList;
			buildConfigurations = (
				D8C404D522C170E4009FCBCC /* Debug */,
				D8C404D622C170E4009FCBCC /* Release */,
			);
			defaultConfigurationIsVisible = 0;
			defaultConfigurationName = Release;
		};
		D8C404D722C170E4009FCBCC /* Build configuration list for PBXNativeTarget "tetrisTests" */ = {
			isa = XCConfigurationList;
			buildConfigurations = (
				D8C404D822C170E4009FCBCC /* Debug */,
				D8C404D922C170E4009FCBCC /* Release */,
			);
			defaultConfigurationIsVisible = 0;
			defaultConfigurationName = Release;
		};
/* End XCConfigurationList section */
	};
	rootObject = D8C404AF22C170E3009FCBCC /* Project object */;
}
